
Microsoft Visual Studio Solution File, Format Version 11.00
# Visual Studio 2010
Project("{8BC9CEB8-8B4A-11D0-8D11-00A0C91BC942}") = "ObjectTrackingApp", "ObjectTrackingApp\ObjectTrackingApp.vcxproj", "{0BDE2D1F-D475-432C-AAE1-CB65157345E4}"
	ProjectSection(ProjectDependencies) = postProject
		{442317E8-2BE0-4318-AA0E-D6DA57997249} = {442317E8-2BE0-4318-AA0E-D6DA57997249}
	EndProjectSection
EndProject
Project("{8BC9CEB8-8B4A-11D0-8D11-00A0C91BC942}") = "libObjectTracker", "libObjectTracker\libObjectTracker.vcxproj", "{442317E8-2BE0-4318-AA0E-D6DA57997249}"
EndProject
Global
	GlobalSection(SolutionConfigurationPlatforms) = preSolution
		Debug|Win32 = Debug|Win32
		Release|Win32 = Release|Win32
	EndGlobalSection
	GlobalSection(ProjectConfigurationPlatforms) = postSolution
		{0BDE2D1F-D475-432C-AAE1-CB65157345E4}.Debug|Win32.ActiveCfg = Debug|Win32
		{0BDE2D1F-D475-432C-AAE1-CB65157345E4}.Debug|Win32.Build.0 = Debug|Win32
		{0BDE2D1F-D475-432C-AAE1-CB65157345E4}.Release|Win32.ActiveCfg = Release|Win32
		{0BDE2D1F-D475-432C-AAE1-CB65157345E4}.Release|Win32.Build.0 = Release|Win32
		{442317E8-2BE0-4318-AA0E-D6DA57997249}.Debug|Win32.ActiveCfg = Debug|Win32
		{442317E8-2BE0-4318-AA0E-D6DA57997249}.Debug|Win32.Build.0 = Debug|Win32
		{442317E8-2BE0-4318-AA0E-D6DA57997249}.Release|Win32.ActiveCfg = Release|Win32
		{442317E8-2BE0-4318-AA0E-D6DA57997249}.Release|Win32.Build.0 = Release|Win32
	EndGlobalSection
	GlobalSection(SolutionProperties) = preSolution
		HideSolutionNode = FALSE
	EndGlobalSection
EndGlobal
