<?xml version="1.0" encoding="utf-8"?>
<Project ToolsVersion="4.0" xmlns="http://schemas.microsoft.com/developer/msbuild/2003">
  <ItemGroup>
    <ClCompile Include="cv_onlineboosting.cpp">
      <Filter>Source Files</Filter>
    </ClCompile>
    <ClCompile Include="object_tracker.cpp">
      <Filter>Source Files</Filter>
    </ClCompile>
  </ItemGroup>
  <ItemGroup>
    <ClInclude Include="cv_onlineboosting.h">
      <Filter>Header Files</Filter>
    </ClInclude>
    <ClInclude Include="object_tracker.h">
      <Filter>Header Files</Filter>
    </ClInclude>
  </ItemGroup>
  <ItemGroup>
    <Filter Include="Header Files">
      <UniqueIdentifier>{2f9910b2-c2ef-4bee-9373-164115850df7}</UniqueIdentifier>
      <Extensions>h;hpp</Extensions>
    </Filter>
    <Filter Include="Source Files">
      <UniqueIdentifier>{e07d13c5-d6a1-4ea1-89d7-540acaba21ba}</UniqueIdentifier>
      <Extensions>cpp;c</Extensions>
    </Filter>
  </ItemGroup>
</Project>